
Microsoft Visual Studio Solution File, Format Version 12.00
# Visual Studio 2017
Project("{FAE04EC0-301F-11D3-BF4B-00C04F79EFBC}") = "Team14-final-project.Plugins", "Team14-final-project.Plugins.csproj", "{366B2453-85AF-5A8D-8192-2BDBCE10D72A}"
EndProject
Project("{FAE04EC0-301F-11D3-BF4B-00C04F79EFBC}") = "Team14-final-project", "Team14-final-project.csproj", "{A14AE398-1940-D7D1-63A4-7EE587179685}"
EndProject
Project("{FAE04EC0-301F-11D3-BF4B-00C04F79EFBC}") = "Team14-final-project.Editor.Plugins", "Team14-final-project.Editor.Plugins.csproj", "{593C386B-997C-CF5D-E2FD-4DEAFB695F4E}"
EndProject
Global
	GlobalSection(SolutionConfigurationPlatforms) = preSolution
		Debug|Any CPU = Debug|Any CPU
		Release|Any CPU = Release|Any CPU
	EndGlobalSection
	GlobalSection(ProjectConfigurationPlatforms) = postSolution
		{366B2453-85AF-5A8D-8192-2BDBCE10D72A}.Debug|Any CPU.ActiveCfg = Debug|Any CPU
		{366B2453-85AF-5A8D-8192-2BDBCE10D72A}.Debug|Any CPU.Build.0 = Debug|Any CPU
		{366B2453-85AF-5A8D-8192-2BDBCE10D72A}.Release|Any CPU.ActiveCfg = Release|Any CPU
		{366B2453-85AF-5A8D-8192-2BDBCE10D72A}.Release|Any CPU.Build.0 = Release|Any CPU
		{A14AE398-1940-D7D1-63A4-7EE587179685}.Debug|Any CPU.ActiveCfg = Debug|Any CPU
		{A14AE398-1940-D7D1-63A4-7EE587179685}.Debug|Any CPU.Build.0 = Debug|Any CPU
		{A14AE398-1940-D7D1-63A4-7EE587179685}.Release|Any CPU.ActiveCfg = Release|Any CPU
		{A14AE398-1940-D7D1-63A4-7EE587179685}.Release|Any CPU.Build.0 = Release|Any CPU
		{593C386B-997C-CF5D-E2FD-4DEAFB695F4E}.Debug|Any CPU.ActiveCfg = Debug|Any CPU
		{593C386B-997C-CF5D-E2FD-4DEAFB695F4E}.Debug|Any CPU.Build.0 = Debug|Any CPU
		{593C386B-997C-CF5D-E2FD-4DEAFB695F4E}.Release|Any CPU.ActiveCfg = Release|Any CPU
		{593C386B-997C-CF5D-E2FD-4DEAFB695F4E}.Release|Any CPU.Build.0 = Release|Any CPU
	EndGlobalSection
	GlobalSection(SolutionProperties) = preSolution
		HideSolutionNode = FALSE
	EndGlobalSection
EndGlobal
